
Microsoft Visual Studio Solution File, Format Version 12.00
# Visual Studio 14
VisualStudioVersion = 14.0.25420.1
MinimumVisualStudioVersion = 10.0.40219.1
Project("{FAE04EC0-301F-11D3-BF4B-00C04F79EFBC}") = "JekOS", "JekOS\JekOS.csproj", "{253DA55A-0F49-4364-9C1A-19F2254669FE}"
EndProject
Project("{FAE04EC0-301F-11D3-BF4B-00C04F79EFBC}") = "JekOS.Hardware", "JekOS.Hardware\JekOS.Hardware.csproj", "{B518E9A4-BE96-4205-AF83-EA9202770E0E}"
EndProject
Project("{FAE04EC0-301F-11D3-BF4B-00C04F79EFBC}") = "JekOS.System", "JekOS.System\JekOS.System.csproj", "{E629BDD7-7C0F-4D06-8810-0912DF1471E7}"
EndProject
Project("{FAE04EC0-301F-11D3-BF4B-00C04F79EFBC}") = "JekOS.Core", "JekOS.Core\JekOS.Core.csproj", "{4F351793-6BFC-4471-BCCB-70FCD4276974}"
EndProject
Project("{471EC4BB-E47E-4229-A789-D1F5F83B52D4}") = "JekOS.Boot", "JekOS.Boot\JekOS.Boot.Cosmos", "{DE7AA70B-5C26-4DE0-8418-78B0B66B6ED1}"
EndProject
Global
	GlobalSection(SolutionConfigurationPlatforms) = preSolution
		Debug|x86 = Debug|x86
		Release|x86 = Release|x86
	EndGlobalSection
	GlobalSection(ProjectConfigurationPlatforms) = postSolution
		{253DA55A-0F49-4364-9C1A-19F2254669FE}.Debug|x86.ActiveCfg = Debug|x86
		{253DA55A-0F49-4364-9C1A-19F2254669FE}.Debug|x86.Build.0 = Debug|x86
		{253DA55A-0F49-4364-9C1A-19F2254669FE}.Release|x86.ActiveCfg = Release|x86
		{253DA55A-0F49-4364-9C1A-19F2254669FE}.Release|x86.Build.0 = Release|x86
		{B518E9A4-BE96-4205-AF83-EA9202770E0E}.Debug|x86.ActiveCfg = Debug|x86
		{B518E9A4-BE96-4205-AF83-EA9202770E0E}.Debug|x86.Build.0 = Debug|x86
		{B518E9A4-BE96-4205-AF83-EA9202770E0E}.Release|x86.ActiveCfg = Release|x86
		{B518E9A4-BE96-4205-AF83-EA9202770E0E}.Release|x86.Build.0 = Release|x86
		{E629BDD7-7C0F-4D06-8810-0912DF1471E7}.Debug|x86.ActiveCfg = Debug|x86
		{E629BDD7-7C0F-4D06-8810-0912DF1471E7}.Debug|x86.Build.0 = Debug|x86
		{E629BDD7-7C0F-4D06-8810-0912DF1471E7}.Release|x86.ActiveCfg = Release|x86
		{E629BDD7-7C0F-4D06-8810-0912DF1471E7}.Release|x86.Build.0 = Release|x86
		{4F351793-6BFC-4471-BCCB-70FCD4276974}.Debug|x86.ActiveCfg = Debug|x86
		{4F351793-6BFC-4471-BCCB-70FCD4276974}.Debug|x86.Build.0 = Debug|x86
		{4F351793-6BFC-4471-BCCB-70FCD4276974}.Release|x86.ActiveCfg = Release|x86
		{4F351793-6BFC-4471-BCCB-70FCD4276974}.Release|x86.Build.0 = Release|x86
		{DE7AA70B-5C26-4DE0-8418-78B0B66B6ED1}.Debug|x86.ActiveCfg = Debug|x86
		{DE7AA70B-5C26-4DE0-8418-78B0B66B6ED1}.Debug|x86.Build.0 = Debug|x86
		{DE7AA70B-5C26-4DE0-8418-78B0B66B6ED1}.Release|x86.ActiveCfg = Debug|x86
		{DE7AA70B-5C26-4DE0-8418-78B0B66B6ED1}.Release|x86.Build.0 = Debug|x86
	EndGlobalSection
	GlobalSection(SolutionProperties) = preSolution
		HideSolutionNode = FALSE
	EndGlobalSection
EndGlobal
